// !$*UTF8*$!
{
	archiveVersion = 1;
	classes = {
	};
	objectVersion = 51;
	objects = {

/* Begin PBXBuildFile section */
		2D7E43CF5581E536B3E74ACD /* Pods_ExampleTests.framework in Frameworks */ = {isa = PBXBuildFile; fileRef = 85B794184FA076E499ED8D52 /* Pods_ExampleTests.framework */; };
		318C86D22489E68A00C77E64 /* BaseModel.swift in Sources */ = {isa = PBXBuildFile; fileRef = 318C86D12489E68A00C77E64 /* BaseModel.swift */; };
		318C86D42489E6CA00C77E64 /* BaseService.swift in Sources */ = {isa = PBXBuildFile; fileRef = 318C86D32489E6CA00C77E64 /* BaseService.swift */; };
		318C86D62489E6F400C77E64 /* ServiceManager.swift in Sources */ = {isa = PBXBuildFile; fileRef = 318C86D52489E6F400C77E64 /* ServiceManager.swift */; };
		318C86D92489E7AE00C77E64 /* Login.swift in Sources */ = {isa = PBXBuildFile; fileRef = 318C86D82489E7AE00C77E64 /* Login.swift */; };
		318C86DB2489E91F00C77E64 /* CommonModel.swift in Sources */ = {isa = PBXBuildFile; fileRef = 318C86DA2489E91F00C77E64 /* CommonModel.swift */; };
		318C86DE2489EA7700C77E64 /* ApiClient.swift in Sources */ = {isa = PBXBuildFile; fileRef = 318C86DD2489EA7700C77E64 /* ApiClient.swift */; };
		318C86E0248A196300C77E64 /* AlamofireService.swift in Sources */ = {isa = PBXBuildFile; fileRef = 318C86DF248A196300C77E64 /* AlamofireService.swift */; };
		318C8704248A294500C77E64 /* Login.storyboard in Resources */ = {isa = PBXBuildFile; fileRef = 318C86FD248A294500C77E64 /* Login.storyboard */; };
		318C8705248A294500C77E64 /* LoginDisplayData.swift in Sources */ = {isa = PBXBuildFile; fileRef = 318C86FE248A294500C77E64 /* LoginDisplayData.swift */; };
		318C8706248A294500C77E64 /* LoginPresenter.swift in Sources */ = {isa = PBXBuildFile; fileRef = 318C86FF248A294500C77E64 /* LoginPresenter.swift */; };
		318C8707248A294500C77E64 /* LoginRouter.swift in Sources */ = {isa = PBXBuildFile; fileRef = 318C8700248A294500C77E64 /* LoginRouter.swift */; };
		318C8708248A294500C77E64 /* LoginAutoGeneratedCode.swift in Sources */ = {isa = PBXBuildFile; fileRef = 318C8701248A294500C77E64 /* LoginAutoGeneratedCode.swift */; };
		318C8709248A294500C77E64 /* LoginInteractor.swift in Sources */ = {isa = PBXBuildFile; fileRef = 318C8702248A294500C77E64 /* LoginInteractor.swift */; };
		318C870A248A294500C77E64 /* LoginView.swift in Sources */ = {isa = PBXBuildFile; fileRef = 318C8703248A294500C77E64 /* LoginView.swift */; };
		318C870D248A347400C77E64 /* R.generated.swift in Sources */ = {isa = PBXBuildFile; fileRef = 318C870C248A347400C77E64 /* R.generated.swift */; };
		318C8715248A383000C77E64 /* Home.storyboard in Resources */ = {isa = PBXBuildFile; fileRef = 318C870E248A383000C77E64 /* Home.storyboard */; };
		318C8716248A383000C77E64 /* HomeDisplayData.swift in Sources */ = {isa = PBXBuildFile; fileRef = 318C870F248A383000C77E64 /* HomeDisplayData.swift */; };
		318C8717248A383000C77E64 /* HomePresenter.swift in Sources */ = {isa = PBXBuildFile; fileRef = 318C8710248A383000C77E64 /* HomePresenter.swift */; };
		318C8718248A383000C77E64 /* HomeRouter.swift in Sources */ = {isa = PBXBuildFile; fileRef = 318C8711248A383000C77E64 /* HomeRouter.swift */; };
		318C8719248A383000C77E64 /* HomeAutoGeneratedCode.swift in Sources */ = {isa = PBXBuildFile; fileRef = 318C8712248A383000C77E64 /* HomeAutoGeneratedCode.swift */; };
		318C871A248A383000C77E64 /* HomeInteractor.swift in Sources */ = {isa = PBXBuildFile; fileRef = 318C8713248A383000C77E64 /* HomeInteractor.swift */; };
		318C871B248A383000C77E64 /* HomeView.swift in Sources */ = {isa = PBXBuildFile; fileRef = 318C8714248A383000C77E64 /* HomeView.swift */; };
		319D238224879C5500ACC2A4 /* AppDependency.swift in Sources */ = {isa = PBXBuildFile; fileRef = 319D238024879C5500ACC2A4 /* AppDependency.swift */; };
		319D238324879C5500ACC2A4 /* AppModule.swift in Sources */ = {isa = PBXBuildFile; fileRef = 319D238124879C5500ACC2A4 /* AppModule.swift */; };
		319D239F2487AD2B00ACC2A4 /* Main.storyboard in Resources */ = {isa = PBXBuildFile; fileRef = 319D239E2487AD2B00ACC2A4 /* Main.storyboard */; };
		319D23B12487B7DB00ACC2A4 /* UIViewController+Ext.swift in Sources */ = {isa = PBXBuildFile; fileRef = 319D23B02487B7DB00ACC2A4 /* UIViewController+Ext.swift */; };
		31BAF8F42487991D008446A6 /* AppDelegate.swift in Sources */ = {isa = PBXBuildFile; fileRef = 31BAF8F32487991D008446A6 /* AppDelegate.swift */; };
		31BAF8F62487991D008446A6 /* SceneDelegate.swift in Sources */ = {isa = PBXBuildFile; fileRef = 31BAF8F52487991D008446A6 /* SceneDelegate.swift */; };
		31BAF8FD24879920008446A6 /* Assets.xcassets in Resources */ = {isa = PBXBuildFile; fileRef = 31BAF8FC24879920008446A6 /* Assets.xcassets */; };
		31BAF90024879920008446A6 /* LaunchScreen.storyboard in Resources */ = {isa = PBXBuildFile; fileRef = 31BAF8FE24879920008446A6 /* LaunchScreen.storyboard */; };
		31BAF90B24879920008446A6 /* ExampleTests.swift in Sources */ = {isa = PBXBuildFile; fileRef = 31BAF90A24879920008446A6 /* ExampleTests.swift */; };
		31BAF91624879920008446A6 /* ExampleUITests.swift in Sources */ = {isa = PBXBuildFile; fileRef = 31BAF91524879920008446A6 /* ExampleUITests.swift */; };
		78AC89CAD62B2D034B554075 /* Pods_Example.framework in Frameworks */ = {isa = PBXBuildFile; fileRef = 97C5CCDB6AC271A554FFA3A8 /* Pods_Example.framework */; };
		EF1195F4C614B3F8BCFF3167 /* Pods_Example_ExampleUITests.framework in Frameworks */ = {isa = PBXBuildFile; fileRef = 115321503FE89F0C9609FBC6 /* Pods_Example_ExampleUITests.framework */; };
/* End PBXBuildFile section */

/* Begin PBXContainerItemProxy section */
		31BAF90724879920008446A6 /* PBXContainerItemProxy */ = {
			isa = PBXContainerItemProxy;
			containerPortal = 31BAF8E82487991D008446A6 /* Project object */;
			proxyType = 1;
			remoteGlobalIDString = 31BAF8EF2487991D008446A6;
			remoteInfo = Example;
		};
		31BAF91224879920008446A6 /* PBXContainerItemProxy */ = {
			isa = PBXContainerItemProxy;
			containerPortal = 31BAF8E82487991D008446A6 /* Project object */;
			proxyType = 1;
			remoteGlobalIDString = 31BAF8EF2487991D008446A6;
			remoteInfo = Example;
		};
/* End PBXContainerItemProxy section */

/* Begin PBXFileReference section */
		0D39677978D31ECBBEB0F26C /* Pods-Example-ExampleUITests.release.xcconfig */ = {isa = PBXFileReference; includeInIndex = 1; lastKnownFileType = text.xcconfig; name = "Pods-Example-ExampleUITests.release.xcconfig"; path = "Target Support Files/Pods-Example-ExampleUITests/Pods-Example-ExampleUITests.release.xcconfig"; sourceTree = "<group>"; };
		115321503FE89F0C9609FBC6 /* Pods_Example_ExampleUITests.framework */ = {isa = PBXFileReference; explicitFileType = wrapper.framework; includeInIndex = 0; path = Pods_Example_ExampleUITests.framework; sourceTree = BUILT_PRODUCTS_DIR; };
		318C86D12489E68A00C77E64 /* BaseModel.swift */ = {isa = PBXFileReference; lastKnownFileType = sourcecode.swift; path = BaseModel.swift; sourceTree = "<group>"; };
		318C86D32489E6CA00C77E64 /* BaseService.swift */ = {isa = PBXFileReference; lastKnownFileType = sourcecode.swift; path = BaseService.swift; sourceTree = "<group>"; };
		318C86D52489E6F400C77E64 /* ServiceManager.swift */ = {isa = PBXFileReference; lastKnownFileType = sourcecode.swift; path = ServiceManager.swift; sourceTree = "<group>"; };
		318C86D82489E7AE00C77E64 /* Login.swift */ = {isa = PBXFileReference; lastKnownFileType = sourcecode.swift; path = Login.swift; sourceTree = "<group>"; };
		318C86DA2489E91F00C77E64 /* CommonModel.swift */ = {isa = PBXFileReference; lastKnownFileType = sourcecode.swift; path = CommonModel.swift; sourceTree = "<group>"; };
		318C86DD2489EA7700C77E64 /* ApiClient.swift */ = {isa = PBXFileReference; lastKnownFileType = sourcecode.swift; path = ApiClient.swift; sourceTree = "<group>"; };
		318C86DF248A196300C77E64 /* AlamofireService.swift */ = {isa = PBXFileReference; lastKnownFileType = sourcecode.swift; path = AlamofireService.swift; sourceTree = "<group>"; };
		318C86FD248A294500C77E64 /* Login.storyboard */ = {isa = PBXFileReference; lastKnownFileType = file.storyboard; path = Login.storyboard; sourceTree = "<group>"; };
		318C86FE248A294500C77E64 /* LoginDisplayData.swift */ = {isa = PBXFileReference; lastKnownFileType = sourcecode.swift; path = LoginDisplayData.swift; sourceTree = "<group>"; };
		318C86FF248A294500C77E64 /* LoginPresenter.swift */ = {isa = PBXFileReference; lastKnownFileType = sourcecode.swift; path = LoginPresenter.swift; sourceTree = "<group>"; };
		318C8700248A294500C77E64 /* LoginRouter.swift */ = {isa = PBXFileReference; lastKnownFileType = sourcecode.swift; path = LoginRouter.swift; sourceTree = "<group>"; };
		318C8701248A294500C77E64 /* LoginAutoGeneratedCode.swift */ = {isa = PBXFileReference; lastKnownFileType = sourcecode.swift; path = LoginAutoGeneratedCode.swift; sourceTree = "<group>"; };
		318C8702248A294500C77E64 /* LoginInteractor.swift */ = {isa = PBXFileReference; lastKnownFileType = sourcecode.swift; path = LoginInteractor.swift; sourceTree = "<group>"; };
		318C8703248A294500C77E64 /* LoginView.swift */ = {isa = PBXFileReference; lastKnownFileType = sourcecode.swift; path = LoginView.swift; sourceTree = "<group>"; };
		318C870C248A347400C77E64 /* R.generated.swift */ = {isa = PBXFileReference; fileEncoding = 4; lastKnownFileType = sourcecode.swift; path = R.generated.swift; sourceTree = "<group>"; };
		318C870E248A383000C77E64 /* Home.storyboard */ = {isa = PBXFileReference; lastKnownFileType = file.storyboard; path = Home.storyboard; sourceTree = "<group>"; };
		318C870F248A383000C77E64 /* HomeDisplayData.swift */ = {isa = PBXFileReference; lastKnownFileType = sourcecode.swift; path = HomeDisplayData.swift; sourceTree = "<group>"; };
		318C8710248A383000C77E64 /* HomePresenter.swift */ = {isa = PBXFileReference; lastKnownFileType = sourcecode.swift; path = HomePresenter.swift; sourceTree = "<group>"; };
		318C8711248A383000C77E64 /* HomeRouter.swift */ = {isa = PBXFileReference; lastKnownFileType = sourcecode.swift; path = HomeRouter.swift; sourceTree = "<group>"; };
		318C8712248A383000C77E64 /* HomeAutoGeneratedCode.swift */ = {isa = PBXFileReference; lastKnownFileType = sourcecode.swift; path = HomeAutoGeneratedCode.swift; sourceTree = "<group>"; };
		318C8713248A383000C77E64 /* HomeInteractor.swift */ = {isa = PBXFileReference; lastKnownFileType = sourcecode.swift; path = HomeInteractor.swift; sourceTree = "<group>"; };
		318C8714248A383000C77E64 /* HomeView.swift */ = {isa = PBXFileReference; lastKnownFileType = sourcecode.swift; path = HomeView.swift; sourceTree = "<group>"; };
		319D238024879C5500ACC2A4 /* AppDependency.swift */ = {isa = PBXFileReference; fileEncoding = 4; lastKnownFileType = sourcecode.swift; path = AppDependency.swift; sourceTree = "<group>"; };
		319D238124879C5500ACC2A4 /* AppModule.swift */ = {isa = PBXFileReference; fileEncoding = 4; lastKnownFileType = sourcecode.swift; path = AppModule.swift; sourceTree = "<group>"; };
		319D239E2487AD2B00ACC2A4 /* Main.storyboard */ = {isa = PBXFileReference; fileEncoding = 4; lastKnownFileType = file.storyboard; path = Main.storyboard; sourceTree = "<group>"; };
		319D23B02487B7DB00ACC2A4 /* UIViewController+Ext.swift */ = {isa = PBXFileReference; lastKnownFileType = sourcecode.swift; path = "UIViewController+Ext.swift"; sourceTree = "<group>"; };
		31BAF8F02487991D008446A6 /* Example.app */ = {isa = PBXFileReference; explicitFileType = wrapper.application; includeInIndex = 0; path = Example.app; sourceTree = BUILT_PRODUCTS_DIR; };
		31BAF8F32487991D008446A6 /* AppDelegate.swift */ = {isa = PBXFileReference; lastKnownFileType = sourcecode.swift; path = AppDelegate.swift; sourceTree = "<group>"; };
		31BAF8F52487991D008446A6 /* SceneDelegate.swift */ = {isa = PBXFileReference; lastKnownFileType = sourcecode.swift; path = SceneDelegate.swift; sourceTree = "<group>"; };
		31BAF8FC24879920008446A6 /* Assets.xcassets */ = {isa = PBXFileReference; lastKnownFileType = folder.assetcatalog; path = Assets.xcassets; sourceTree = "<group>"; };
		31BAF8FF24879920008446A6 /* Base */ = {isa = PBXFileReference; lastKnownFileType = file.storyboard; name = Base; path = Base.lproj/LaunchScreen.storyboard; sourceTree = "<group>"; };
		31BAF90124879920008446A6 /* Info.plist */ = {isa = PBXFileReference; lastKnownFileType = text.plist.xml; path = Info.plist; sourceTree = "<group>"; };
		31BAF90624879920008446A6 /* ExampleTests.xctest */ = {isa = PBXFileReference; explicitFileType = wrapper.cfbundle; includeInIndex = 0; path = ExampleTests.xctest; sourceTree = BUILT_PRODUCTS_DIR; };
		31BAF90A24879920008446A6 /* ExampleTests.swift */ = {isa = PBXFileReference; lastKnownFileType = sourcecode.swift; path = ExampleTests.swift; sourceTree = "<group>"; };
		31BAF90C24879920008446A6 /* Info.plist */ = {isa = PBXFileReference; lastKnownFileType = text.plist.xml; path = Info.plist; sourceTree = "<group>"; };
		31BAF91124879920008446A6 /* ExampleUITests.xctest */ = {isa = PBXFileReference; explicitFileType = wrapper.cfbundle; includeInIndex = 0; path = ExampleUITests.xctest; sourceTree = BUILT_PRODUCTS_DIR; };
		31BAF91524879920008446A6 /* ExampleUITests.swift */ = {isa = PBXFileReference; lastKnownFileType = sourcecode.swift; path = ExampleUITests.swift; sourceTree = "<group>"; };
		31BAF91724879920008446A6 /* Info.plist */ = {isa = PBXFileReference; lastKnownFileType = text.plist.xml; path = Info.plist; sourceTree = "<group>"; };
		43F6F4FA0B71BEB073D2DC59 /* Pods-Example-ExampleUITests.debug.xcconfig */ = {isa = PBXFileReference; includeInIndex = 1; lastKnownFileType = text.xcconfig; name = "Pods-Example-ExampleUITests.debug.xcconfig"; path = "Target Support Files/Pods-Example-ExampleUITests/Pods-Example-ExampleUITests.debug.xcconfig"; sourceTree = "<group>"; };
		4EC12870A936EE7F1B1839CA /* Pods-Example.debug.xcconfig */ = {isa = PBXFileReference; includeInIndex = 1; lastKnownFileType = text.xcconfig; name = "Pods-Example.debug.xcconfig"; path = "Target Support Files/Pods-Example/Pods-Example.debug.xcconfig"; sourceTree = "<group>"; };
		6BA06844B7A25F752CD9B55A /* Pods-Example.release.xcconfig */ = {isa = PBXFileReference; includeInIndex = 1; lastKnownFileType = text.xcconfig; name = "Pods-Example.release.xcconfig"; path = "Target Support Files/Pods-Example/Pods-Example.release.xcconfig"; sourceTree = "<group>"; };
		85B794184FA076E499ED8D52 /* Pods_ExampleTests.framework */ = {isa = PBXFileReference; explicitFileType = wrapper.framework; includeInIndex = 0; path = Pods_ExampleTests.framework; sourceTree = BUILT_PRODUCTS_DIR; };
		97C5CCDB6AC271A554FFA3A8 /* Pods_Example.framework */ = {isa = PBXFileReference; explicitFileType = wrapper.framework; includeInIndex = 0; path = Pods_Example.framework; sourceTree = BUILT_PRODUCTS_DIR; };
		AADC20AEEDDE3CE2C3455388 /* Pods-ExampleTests.release.xcconfig */ = {isa = PBXFileReference; includeInIndex = 1; lastKnownFileType = text.xcconfig; name = "Pods-ExampleTests.release.xcconfig"; path = "Target Support Files/Pods-ExampleTests/Pods-ExampleTests.release.xcconfig"; sourceTree = "<group>"; };
		AEAF82595780ED9DF757C205 /* Pods-ExampleTests.debug.xcconfig */ = {isa = PBXFileReference; includeInIndex = 1; lastKnownFileType = text.xcconfig; name = "Pods-ExampleTests.debug.xcconfig"; path = "Target Support Files/Pods-ExampleTests/Pods-ExampleTests.debug.xcconfig"; sourceTree = "<group>"; };
/* End PBXFileReference section */

/* Begin PBXFrameworksBuildPhase section */
		31BAF8ED2487991D008446A6 /* Frameworks */ = {
			isa = PBXFrameworksBuildPhase;
			buildActionMask = 2147483647;
			files = (
				78AC89CAD62B2D034B554075 /* Pods_Example.framework in Frameworks */,
			);
			runOnlyForDeploymentPostprocessing = 0;
		};
		31BAF90324879920008446A6 /* Frameworks */ = {
			isa = PBXFrameworksBuildPhase;
			buildActionMask = 2147483647;
			files = (
				2D7E43CF5581E536B3E74ACD /* Pods_ExampleTests.framework in Frameworks */,
			);
			runOnlyForDeploymentPostprocessing = 0;
		};
		31BAF90E24879920008446A6 /* Frameworks */ = {
			isa = PBXFrameworksBuildPhase;
			buildActionMask = 2147483647;
			files = (
				EF1195F4C614B3F8BCFF3167 /* Pods_Example_ExampleUITests.framework in Frameworks */,
			);
			runOnlyForDeploymentPostprocessing = 0;
		};
/* End PBXFrameworksBuildPhase section */

/* Begin PBXGroup section */
		318C86CF2489E61700C77E64 /* Services */ = {
			isa = PBXGroup;
			children = (
				318C86DC2489EA5D00C77E64 /* Service */,
				318C86D72489E79B00C77E64 /* Model */,
				318C86D02489E65B00C77E64 /* Base */,
			);
			path = Services;
			sourceTree = "<group>";
		};
		318C86D02489E65B00C77E64 /* Base */ = {
			isa = PBXGroup;
			children = (
				318C86D12489E68A00C77E64 /* BaseModel.swift */,
				318C86D32489E6CA00C77E64 /* BaseService.swift */,
				318C86D52489E6F400C77E64 /* ServiceManager.swift */,
			);
			path = Base;
			sourceTree = "<group>";
		};
		318C86D72489E79B00C77E64 /* Model */ = {
			isa = PBXGroup;
			children = (
				318C86D82489E7AE00C77E64 /* Login.swift */,
				318C86DA2489E91F00C77E64 /* CommonModel.swift */,
			);
			path = Model;
			sourceTree = "<group>";
		};
		318C86DC2489EA5D00C77E64 /* Service */ = {
			isa = PBXGroup;
			children = (
				318C86DD2489EA7700C77E64 /* ApiClient.swift */,
				318C86DF248A196300C77E64 /* AlamofireService.swift */,
			);
			path = Service;
			sourceTree = "<group>";
		};
		319D237F24879C5500ACC2A4 /* Application */ = {
			isa = PBXGroup;
			children = (
				319D239E2487AD2B00ACC2A4 /* Main.storyboard */,
				319D238024879C5500ACC2A4 /* AppDependency.swift */,
				319D238124879C5500ACC2A4 /* AppModule.swift */,
				31BAF8F32487991D008446A6 /* AppDelegate.swift */,
				31BAF8F52487991D008446A6 /* SceneDelegate.swift */,
			);
			path = Application;
			sourceTree = "<group>";
		};
		319D23912487A2DB00ACC2A4 /* Home */ = {
			isa = PBXGroup;
			children = (
				318C870E248A383000C77E64 /* Home.storyboard */,
				318C870F248A383000C77E64 /* HomeDisplayData.swift */,
				318C8710248A383000C77E64 /* HomePresenter.swift */,
				318C8711248A383000C77E64 /* HomeRouter.swift */,
				318C8712248A383000C77E64 /* HomeAutoGeneratedCode.swift */,
				318C8713248A383000C77E64 /* HomeInteractor.swift */,
				318C8714248A383000C77E64 /* HomeView.swift */,
			);
			path = Home;
			sourceTree = "<group>";
		};
		319D23A02487B74A00ACC2A4 /* Login */ = {
			isa = PBXGroup;
			children = (
				318C86FD248A294500C77E64 /* Login.storyboard */,
				318C86FE248A294500C77E64 /* LoginDisplayData.swift */,
				318C86FF248A294500C77E64 /* LoginPresenter.swift */,
				318C8700248A294500C77E64 /* LoginRouter.swift */,
				318C8701248A294500C77E64 /* LoginAutoGeneratedCode.swift */,
				318C8702248A294500C77E64 /* LoginInteractor.swift */,
				318C8703248A294500C77E64 /* LoginView.swift */,
			);
			path = Login;
			sourceTree = "<group>";
		};
		319D23AF2487B79400ACC2A4 /* Extensions */ = {
			isa = PBXGroup;
			children = (
				319D23B02487B7DB00ACC2A4 /* UIViewController+Ext.swift */,
			);
			path = Extensions;
			sourceTree = "<group>";
		};
		31BAF8E72487991D008446A6 = {
			isa = PBXGroup;
			children = (
				31BAF8F22487991D008446A6 /* Example */,
				31BAF90924879920008446A6 /* ExampleTests */,
				31BAF91424879920008446A6 /* ExampleUITests */,
				31BAF8F12487991D008446A6 /* Products */,
				D488318F7BEEDB43F55592DF /* Pods */,
				D18AA89B2146F689C10AFDEB /* Frameworks */,
			);
			sourceTree = "<group>";
		};
		31BAF8F12487991D008446A6 /* Products */ = {
			isa = PBXGroup;
			children = (
				31BAF8F02487991D008446A6 /* Example.app */,
				31BAF90624879920008446A6 /* ExampleTests.xctest */,
				31BAF91124879920008446A6 /* ExampleUITests.xctest */,
			);
			name = Products;
			sourceTree = "<group>";
		};
		31BAF8F22487991D008446A6 /* Example */ = {
			isa = PBXGroup;
			children = (
				318C870C248A347400C77E64 /* R.generated.swift */,
				318C86CF2489E61700C77E64 /* Services */,
				319D23AF2487B79400ACC2A4 /* Extensions */,
				319D237F24879C5500ACC2A4 /* Application */,
				31BAF92324879A78008446A6 /* Module */,
				31BAF8FC24879920008446A6 /* Assets.xcassets */,
				31BAF8FE24879920008446A6 /* LaunchScreen.storyboard */,
				31BAF90124879920008446A6 /* Info.plist */,
			);
			path = Example;
			sourceTree = "<group>";
		};
		31BAF90924879920008446A6 /* ExampleTests */ = {
			isa = PBXGroup;
			children = (
				31BAF90A24879920008446A6 /* ExampleTests.swift */,
				31BAF90C24879920008446A6 /* Info.plist */,
			);
			path = ExampleTests;
			sourceTree = "<group>";
		};
		31BAF91424879920008446A6 /* ExampleUITests */ = {
			isa = PBXGroup;
			children = (
				31BAF91524879920008446A6 /* ExampleUITests.swift */,
				31BAF91724879920008446A6 /* Info.plist */,
			);
			path = ExampleUITests;
			sourceTree = "<group>";
		};
		31BAF92324879A78008446A6 /* Module */ = {
			isa = PBXGroup;
			children = (
				319D23A02487B74A00ACC2A4 /* Login */,
				319D23912487A2DB00ACC2A4 /* Home */,
			);
			path = Module;
			sourceTree = "<group>";
		};
		D18AA89B2146F689C10AFDEB /* Frameworks */ = {
			isa = PBXGroup;
			children = (
				97C5CCDB6AC271A554FFA3A8 /* Pods_Example.framework */,
				115321503FE89F0C9609FBC6 /* Pods_Example_ExampleUITests.framework */,
				85B794184FA076E499ED8D52 /* Pods_ExampleTests.framework */,
			);
			name = Frameworks;
			sourceTree = "<group>";
		};
		D488318F7BEEDB43F55592DF /* Pods */ = {
			isa = PBXGroup;
			children = (
				4EC12870A936EE7F1B1839CA /* Pods-Example.debug.xcconfig */,
				6BA06844B7A25F752CD9B55A /* Pods-Example.release.xcconfig */,
				43F6F4FA0B71BEB073D2DC59 /* Pods-Example-ExampleUITests.debug.xcconfig */,
				0D39677978D31ECBBEB0F26C /* Pods-Example-ExampleUITests.release.xcconfig */,
				AEAF82595780ED9DF757C205 /* Pods-ExampleTests.debug.xcconfig */,
				AADC20AEEDDE3CE2C3455388 /* Pods-ExampleTests.release.xcconfig */,
			);
			path = Pods;
			sourceTree = "<group>";
		};
/* End PBXGroup section */

/* Begin PBXNativeTarget section */
		31BAF8EF2487991D008446A6 /* Example */ = {
			isa = PBXNativeTarget;
			buildConfigurationList = 31BAF91A24879920008446A6 /* Build configuration list for PBXNativeTarget "Example" */;
			buildPhases = (
				19F0189F718BC473F89C0672 /* [CP] Check Pods Manifest.lock */,
				318C870B248A31DC00C77E64 /* ShellScript */,
				31BAF8EC2487991D008446A6 /* Sources */,
				31BAF8ED2487991D008446A6 /* Frameworks */,
				31BAF8EE2487991D008446A6 /* Resources */,
				EEE02882D9C6213A37890D39 /* [CP] Embed Pods Frameworks */,
			);
			buildRules = (
			);
			dependencies = (
			);
			name = Example;
			productName = Example;
			productReference = 31BAF8F02487991D008446A6 /* Example.app */;
			productType = "com.apple.product-type.application";
		};
		31BAF90524879920008446A6 /* ExampleTests */ = {
			isa = PBXNativeTarget;
			buildConfigurationList = 31BAF91D24879920008446A6 /* Build configuration list for PBXNativeTarget "ExampleTests" */;
			buildPhases = (
				751D1E7283593F56B3D97863 /* [CP] Check Pods Manifest.lock */,
				31BAF90224879920008446A6 /* Sources */,
				31BAF90324879920008446A6 /* Frameworks */,
				31BAF90424879920008446A6 /* Resources */,
			);
			buildRules = (
			);
			dependencies = (
				31BAF90824879920008446A6 /* PBXTargetDependency */,
			);
			name = ExampleTests;
			productName = ExampleTests;
			productReference = 31BAF90624879920008446A6 /* ExampleTests.xctest */;
			productType = "com.apple.product-type.bundle.unit-test";
		};
		31BAF91024879920008446A6 /* ExampleUITests */ = {
			isa = PBXNativeTarget;
			buildConfigurationList = 31BAF92024879920008446A6 /* Build configuration list for PBXNativeTarget "ExampleUITests" */;
			buildPhases = (
				DF40C949570C4334978505B0 /* [CP] Check Pods Manifest.lock */,
				31BAF90D24879920008446A6 /* Sources */,
				31BAF90E24879920008446A6 /* Frameworks */,
				31BAF90F24879920008446A6 /* Resources */,
				D477E4BC24AA4CC5D00EF047 /* [CP] Embed Pods Frameworks */,
			);
			buildRules = (
			);
			dependencies = (
				31BAF91324879920008446A6 /* PBXTargetDependency */,
			);
			name = ExampleUITests;
			productName = ExampleUITests;
			productReference = 31BAF91124879920008446A6 /* ExampleUITests.xctest */;
			productType = "com.apple.product-type.bundle.ui-testing";
		};
/* End PBXNativeTarget section */

/* Begin PBXProject section */
		31BAF8E82487991D008446A6 /* Project object */ = {
			isa = PBXProject;
			attributes = {
				LastSwiftUpdateCheck = 1140;
				LastUpgradeCheck = 1140;
				ORGANIZATIONNAME = Quinn;
				TargetAttributes = {
					31BAF8EF2487991D008446A6 = {
						CreatedOnToolsVersion = 11.4;
					};
					31BAF90524879920008446A6 = {
						CreatedOnToolsVersion = 11.4;
						TestTargetID = 31BAF8EF2487991D008446A6;
					};
					31BAF91024879920008446A6 = {
						CreatedOnToolsVersion = 11.4;
						TestTargetID = 31BAF8EF2487991D008446A6;
					};
				};
			};
			buildConfigurationList = 31BAF8EB2487991D008446A6 /* Build configuration list for PBXProject "Example" */;
			compatibilityVersion = "Xcode 9.3";
			developmentRegion = en;
			hasScannedForEncodings = 0;
			knownRegions = (
				en,
				Base,
			);
			mainGroup = 31BAF8E72487991D008446A6;
			productRefGroup = 31BAF8F12487991D008446A6 /* Products */;
			projectDirPath = "";
			projectRoot = "";
			targets = (
				31BAF8EF2487991D008446A6 /* Example */,
				31BAF90524879920008446A6 /* ExampleTests */,
				31BAF91024879920008446A6 /* ExampleUITests */,
			);
		};
/* End PBXProject section */

/* Begin PBXResourcesBuildPhase section */
		31BAF8EE2487991D008446A6 /* Resources */ = {
			isa = PBXResourcesBuildPhase;
			buildActionMask = 2147483647;
			files = (
				319D239F2487AD2B00ACC2A4 /* Main.storyboard in Resources */,
				318C8715248A383000C77E64 /* Home.storyboard in Resources */,
				31BAF90024879920008446A6 /* LaunchScreen.storyboard in Resources */,
				318C8704248A294500C77E64 /* Login.storyboard in Resources */,
				31BAF8FD24879920008446A6 /* Assets.xcassets in Resources */,
			);
			runOnlyForDeploymentPostprocessing = 0;
		};
		31BAF90424879920008446A6 /* Resources */ = {
			isa = PBXResourcesBuildPhase;
			buildActionMask = 2147483647;
			files = (
			);
			runOnlyForDeploymentPostprocessing = 0;
		};
		31BAF90F24879920008446A6 /* Resources */ = {
			isa = PBXResourcesBuildPhase;
			buildActionMask = 2147483647;
			files = (
			);
			runOnlyForDeploymentPostprocessing = 0;
		};
/* End PBXResourcesBuildPhase section */

/* Begin PBXShellScriptBuildPhase section */
		19F0189F718BC473F89C0672 /* [CP] Check Pods Manifest.lock */ = {
			isa = PBXShellScriptBuildPhase;
			buildActionMask = 2147483647;
			files = (
			);
			inputFileListPaths = (
			);
			inputPaths = (
				"${PODS_PODFILE_DIR_PATH}/Podfile.lock",
				"${PODS_ROOT}/Manifest.lock",
			);
			name = "[CP] Check Pods Manifest.lock";
			outputFileListPaths = (
			);
			outputPaths = (
				"$(DERIVED_FILE_DIR)/Pods-Example-checkManifestLockResult.txt",
			);
			runOnlyForDeploymentPostprocessing = 0;
			shellPath = /bin/sh;
			shellScript = "diff \"${PODS_PODFILE_DIR_PATH}/Podfile.lock\" \"${PODS_ROOT}/Manifest.lock\" > /dev/null\nif [ $? != 0 ] ; then\n    # print error to STDERR\n    echo \"error: The sandbox is not in sync with the Podfile.lock. Run 'pod install' or update your CocoaPods installation.\" >&2\n    exit 1\nfi\n# This output is used by Xcode 'outputs' to avoid re-running this script phase.\necho \"SUCCESS\" > \"${SCRIPT_OUTPUT_FILE_0}\"\n";
			showEnvVarsInLog = 0;
		};
		318C870B248A31DC00C77E64 /* ShellScript */ = {
			isa = PBXShellScriptBuildPhase;
			buildActionMask = 2147483647;
			files = (
			);
			inputFileListPaths = (
			);
			inputPaths = (
				"$TEMP_DIR/rswift-lastrun",
			);
			outputFileListPaths = (
			);
			outputPaths = (
				$SRCROOT/R.generated.swift,
			);
			runOnlyForDeploymentPostprocessing = 0;
			shellPath = /bin/sh;
			shellScript = "# Type a script or drag a script file from your workspace to insert its path.\n\"$PODS_ROOT/R.swift/rswift\" generate \"$SRCROOT/R.generated.swift\"\n";
		};
		751D1E7283593F56B3D97863 /* [CP] Check Pods Manifest.lock */ = {
			isa = PBXShellScriptBuildPhase;
			buildActionMask = 2147483647;
			files = (
			);
			inputFileListPaths = (
			);
			inputPaths = (
				"${PODS_PODFILE_DIR_PATH}/Podfile.lock",
				"${PODS_ROOT}/Manifest.lock",
			);
			name = "[CP] Check Pods Manifest.lock";
			outputFileListPaths = (
			);
			outputPaths = (
				"$(DERIVED_FILE_DIR)/Pods-ExampleTests-checkManifestLockResult.txt",
			);
			runOnlyForDeploymentPostprocessing = 0;
			shellPath = /bin/sh;
			shellScript = "diff \"${PODS_PODFILE_DIR_PATH}/Podfile.lock\" \"${PODS_ROOT}/Manifest.lock\" > /dev/null\nif [ $? != 0 ] ; then\n    # print error to STDERR\n    echo \"error: The sandbox is not in sync with the Podfile.lock. Run 'pod install' or update your CocoaPods installation.\" >&2\n    exit 1\nfi\n# This output is used by Xcode 'outputs' to avoid re-running this script phase.\necho \"SUCCESS\" > \"${SCRIPT_OUTPUT_FILE_0}\"\n";
			showEnvVarsInLog = 0;
		};
		D477E4BC24AA4CC5D00EF047 /* [CP] Embed Pods Frameworks */ = {
			isa = PBXShellScriptBuildPhase;
			buildActionMask = 2147483647;
			files = (
			);
			inputFileListPaths = (
				"${PODS_ROOT}/Target Support Files/Pods-Example-ExampleUITests/Pods-Example-ExampleUITests-frameworks-${CONFIGURATION}-input-files.xcfilelist",
			);
			name = "[CP] Embed Pods Frameworks";
			outputFileListPaths = (
				"${PODS_ROOT}/Target Support Files/Pods-Example-ExampleUITests/Pods-Example-ExampleUITests-frameworks-${CONFIGURATION}-output-files.xcfilelist",
			);
			runOnlyForDeploymentPostprocessing = 0;
			shellPath = /bin/sh;
			shellScript = "\"${PODS_ROOT}/Target Support Files/Pods-Example-ExampleUITests/Pods-Example-ExampleUITests-frameworks.sh\"\n";
			showEnvVarsInLog = 0;
		};
		DF40C949570C4334978505B0 /* [CP] Check Pods Manifest.lock */ = {
			isa = PBXShellScriptBuildPhase;
			buildActionMask = 2147483647;
			files = (
			);
			inputFileListPaths = (
			);
			inputPaths = (
				"${PODS_PODFILE_DIR_PATH}/Podfile.lock",
				"${PODS_ROOT}/Manifest.lock",
			);
			name = "[CP] Check Pods Manifest.lock";
			outputFileListPaths = (
			);
			outputPaths = (
				"$(DERIVED_FILE_DIR)/Pods-Example-ExampleUITests-checkManifestLockResult.txt",
			);
			runOnlyForDeploymentPostprocessing = 0;
			shellPath = /bin/sh;
			shellScript = "diff \"${PODS_PODFILE_DIR_PATH}/Podfile.lock\" \"${PODS_ROOT}/Manifest.lock\" > /dev/null\nif [ $? != 0 ] ; then\n    # print error to STDERR\n    echo \"error: The sandbox is not in sync with the Podfile.lock. Run 'pod install' or update your CocoaPods installation.\" >&2\n    exit 1\nfi\n# This output is used by Xcode 'outputs' to avoid re-running this script phase.\necho \"SUCCESS\" > \"${SCRIPT_OUTPUT_FILE_0}\"\n";
			showEnvVarsInLog = 0;
		};
		EEE02882D9C6213A37890D39 /* [CP] Embed Pods Frameworks */ = {
			isa = PBXShellScriptBuildPhase;
			buildActionMask = 2147483647;
			files = (
			);
			inputFileListPaths = (
				"${PODS_ROOT}/Target Support Files/Pods-Example/Pods-Example-frameworks-${CONFIGURATION}-input-files.xcfilelist",
			);
			name = "[CP] Embed Pods Frameworks";
			outputFileListPaths = (
				"${PODS_ROOT}/Target Support Files/Pods-Example/Pods-Example-frameworks-${CONFIGURATION}-output-files.xcfilelist",
			);
			runOnlyForDeploymentPostprocessing = 0;
			shellPath = /bin/sh;
			shellScript = "\"${PODS_ROOT}/Target Support Files/Pods-Example/Pods-Example-frameworks.sh\"\n";
			showEnvVarsInLog = 0;
		};
/* End PBXShellScriptBuildPhase section */

/* Begin PBXSourcesBuildPhase section */
		31BAF8EC2487991D008446A6 /* Sources */ = {
			isa = PBXSourcesBuildPhase;
			buildActionMask = 2147483647;
			files = (
				318C8717248A383000C77E64 /* HomePresenter.swift in Sources */,
				319D238324879C5500ACC2A4 /* AppModule.swift in Sources */,
				31BAF8F42487991D008446A6 /* AppDelegate.swift in Sources */,
				318C871B248A383000C77E64 /* HomeView.swift in Sources */,
				318C871A248A383000C77E64 /* HomeInteractor.swift in Sources */,
				318C86E0248A196300C77E64 /* AlamofireService.swift in Sources */,
				318C870A248A294500C77E64 /* LoginView.swift in Sources */,
				318C8706248A294500C77E64 /* LoginPresenter.swift in Sources */,
				318C8708248A294500C77E64 /* LoginAutoGeneratedCode.swift in Sources */,
				318C86D42489E6CA00C77E64 /* BaseService.swift in Sources */,
				318C8719248A383000C77E64 /* HomeAutoGeneratedCode.swift in Sources */,
				318C8705248A294500C77E64 /* LoginDisplayData.swift in Sources */,
				318C870D248A347400C77E64 /* R.generated.swift in Sources */,
				318C86DE2489EA7700C77E64 /* ApiClient.swift in Sources */,
				318C8709248A294500C77E64 /* LoginInteractor.swift in Sources */,
				318C86D92489E7AE00C77E64 /* Login.swift in Sources */,
				31BAF8F62487991D008446A6 /* SceneDelegate.swift in Sources */,
				318C8716248A383000C77E64 /* HomeDisplayData.swift in Sources */,
				318C86D22489E68A00C77E64 /* BaseModel.swift in Sources */,
				319D238224879C5500ACC2A4 /* AppDependency.swift in Sources */,
				318C86DB2489E91F00C77E64 /* CommonModel.swift in Sources */,
				319D23B12487B7DB00ACC2A4 /* UIViewController+Ext.swift in Sources */,
				318C8707248A294500C77E64 /* LoginRouter.swift in Sources */,
				318C86D62489E6F400C77E64 /* ServiceManager.swift in Sources */,
				318C8718248A383000C77E64 /* HomeRouter.swift in Sources */,
			);
			runOnlyForDeploymentPostprocessing = 0;
		};
		31BAF90224879920008446A6 /* Sources */ = {
			isa = PBXSourcesBuildPhase;
			buildActionMask = 2147483647;
			files = (
				31BAF90B24879920008446A6 /* ExampleTests.swift in Sources */,
			);
			runOnlyForDeploymentPostprocessing = 0;
		};
		31BAF90D24879920008446A6 /* Sources */ = {
			isa = PBXSourcesBuildPhase;
			buildActionMask = 2147483647;
			files = (
				31BAF91624879920008446A6 /* ExampleUITests.swift in Sources */,
			);
			runOnlyForDeploymentPostprocessing = 0;
		};
/* End PBXSourcesBuildPhase section */

/* Begin PBXTargetDependency section */
		31BAF90824879920008446A6 /* PBXTargetDependency */ = {
			isa = PBXTargetDependency;
			target = 31BAF8EF2487991D008446A6 /* Example */;
			targetProxy = 31BAF90724879920008446A6 /* PBXContainerItemProxy */;
		};
		31BAF91324879920008446A6 /* PBXTargetDependency */ = {
			isa = PBXTargetDependency;
			target = 31BAF8EF2487991D008446A6 /* Example */;
			targetProxy = 31BAF91224879920008446A6 /* PBXContainerItemProxy */;
		};
/* End PBXTargetDependency section */

/* Begin PBXVariantGroup section */
		31BAF8FE24879920008446A6 /* LaunchScreen.storyboard */ = {
			isa = PBXVariantGroup;
			children = (
				31BAF8FF24879920008446A6 /* Base */,
			);
			name = LaunchScreen.storyboard;
			sourceTree = "<group>";
		};
/* End PBXVariantGroup section */

/* Begin XCBuildConfiguration section */
		31BAF91824879920008446A6 /* Debug */ = {
			isa = XCBuildConfiguration;
			buildSettings = {
				ALWAYS_SEARCH_USER_PATHS = NO;
				CLANG_ANALYZER_NONNULL = YES;
				CLANG_ANALYZER_NUMBER_OBJECT_CONVERSION = YES_AGGRESSIVE;
				CLANG_CXX_LANGUAGE_STANDARD = "gnu++14";
				CLANG_CXX_LIBRARY = "libc++";
				CLANG_ENABLE_MODULES = YES;
				CLANG_ENABLE_OBJC_ARC = YES;
				CLANG_ENABLE_OBJC_WEAK = YES;
				CLANG_WARN_BLOCK_CAPTURE_AUTORELEASING = YES;
				CLANG_WARN_BOOL_CONVERSION = YES;
				CLANG_WARN_COMMA = YES;
				CLANG_WARN_CONSTANT_CONVERSION = YES;
				CLANG_WARN_DEPRECATED_OBJC_IMPLEMENTATIONS = YES;
				CLANG_WARN_DIRECT_OBJC_ISA_USAGE = YES_ERROR;
				CLANG_WARN_DOCUMENTATION_COMMENTS = YES;
				CLANG_WARN_EMPTY_BODY = YES;
				CLANG_WARN_ENUM_CONVERSION = YES;
				CLANG_WARN_INFINITE_RECURSION = YES;
				CLANG_WARN_INT_CONVERSION = YES;
				CLANG_WARN_NON_LITERAL_NULL_CONVERSION = YES;
				CLANG_WARN_OBJC_IMPLICIT_RETAIN_SELF = YES;
				CLANG_WARN_OBJC_LITERAL_CONVERSION = YES;
				CLANG_WARN_OBJC_ROOT_CLASS = YES_ERROR;
				CLANG_WARN_RANGE_LOOP_ANALYSIS = YES;
				CLANG_WARN_STRICT_PROTOTYPES = YES;
				CLANG_WARN_SUSPICIOUS_MOVE = YES;
				CLANG_WARN_UNGUARDED_AVAILABILITY = YES_AGGRESSIVE;
				CLANG_WARN_UNREACHABLE_CODE = YES;
				CLANG_WARN__DUPLICATE_METHOD_MATCH = YES;
				COPY_PHASE_STRIP = NO;
				DEBUG_INFORMATION_FORMAT = dwarf;
				ENABLE_STRICT_OBJC_MSGSEND = YES;
				ENABLE_TESTABILITY = YES;
				GCC_C_LANGUAGE_STANDARD = gnu11;
				GCC_DYNAMIC_NO_PIC = NO;
				GCC_NO_COMMON_BLOCKS = YES;
				GCC_OPTIMIZATION_LEVEL = 0;
				GCC_PREPROCESSOR_DEFINITIONS = (
					"DEBUG=1",
					"$(inherited)",
				);
				GCC_WARN_64_TO_32_BIT_CONVERSION = YES;
				GCC_WARN_ABOUT_RETURN_TYPE = YES_ERROR;
				GCC_WARN_UNDECLARED_SELECTOR = YES;
				GCC_WARN_UNINITIALIZED_AUTOS = YES_AGGRESSIVE;
				GCC_WARN_UNUSED_FUNCTION = YES;
				GCC_WARN_UNUSED_VARIABLE = YES;
				IPHONEOS_DEPLOYMENT_TARGET = 13.4;
				MTL_ENABLE_DEBUG_INFO = INCLUDE_SOURCE;
				MTL_FAST_MATH = YES;
				ONLY_ACTIVE_ARCH = YES;
				SDKROOT = iphoneos;
				SWIFT_ACTIVE_COMPILATION_CONDITIONS = DEBUG;
				SWIFT_OPTIMIZATION_LEVEL = "-Onone";
			};
			name = Debug;
		};
		31BAF91924879920008446A6 /* Release */ = {
			isa = XCBuildConfiguration;
			buildSettings = {
				ALWAYS_SEARCH_USER_PATHS = NO;
				CLANG_ANALYZER_NONNULL = YES;
				CLANG_ANALYZER_NUMBER_OBJECT_CONVERSION = YES_AGGRESSIVE;
				CLANG_CXX_LANGUAGE_STANDARD = "gnu++14";
				CLANG_CXX_LIBRARY = "libc++";
				CLANG_ENABLE_MODULES = YES;
				CLANG_ENABLE_OBJC_ARC = YES;
				CLANG_ENABLE_OBJC_WEAK = YES;
				CLANG_WARN_BLOCK_CAPTURE_AUTORELEASING = YES;
				CLANG_WARN_BOOL_CONVERSION = YES;
				CLANG_WARN_COMMA = YES;
				CLANG_WARN_CONSTANT_CONVERSION = YES;
				CLANG_WARN_DEPRECATED_OBJC_IMPLEMENTATIONS = YES;
				CLANG_WARN_DIRECT_OBJC_ISA_USAGE = YES_ERROR;
				CLANG_WARN_DOCUMENTATION_COMMENTS = YES;
				CLANG_WARN_EMPTY_BODY = YES;
				CLANG_WARN_ENUM_CONVERSION = YES;
				CLANG_WARN_INFINITE_RECURSION = YES;
				CLANG_WARN_INT_CONVERSION = YES;
				CLANG_WARN_NON_LITERAL_NULL_CONVERSION = YES;
				CLANG_WARN_OBJC_IMPLICIT_RETAIN_SELF = YES;
				CLANG_WARN_OBJC_LITERAL_CONVERSION = YES;
				CLANG_WARN_OBJC_ROOT_CLASS = YES_ERROR;
				CLANG_WARN_RANGE_LOOP_ANALYSIS = YES;
				CLANG_WARN_STRICT_PROTOTYPES = YES;
				CLANG_WARN_SUSPICIOUS_MOVE = YES;
				CLANG_WARN_UNGUARDED_AVAILABILITY = YES_AGGRESSIVE;
				CLANG_WARN_UNREACHABLE_CODE = YES;
				CLANG_WARN__DUPLICATE_METHOD_MATCH = YES;
				COPY_PHASE_STRIP = NO;
				DEBUG_INFORMATION_FORMAT = "dwarf-with-dsym";
				ENABLE_NS_ASSERTIONS = NO;
				ENABLE_STRICT_OBJC_MSGSEND = YES;
				GCC_C_LANGUAGE_STANDARD = gnu11;
				GCC_NO_COMMON_BLOCKS = YES;
				GCC_WARN_64_TO_32_BIT_CONVERSION = YES;
				GCC_WARN_ABOUT_RETURN_TYPE = YES_ERROR;
				GCC_WARN_UNDECLARED_SELECTOR = YES;
				GCC_WARN_UNINITIALIZED_AUTOS = YES_AGGRESSIVE;
				GCC_WARN_UNUSED_FUNCTION = YES;
				GCC_WARN_UNUSED_VARIABLE = YES;
				IPHONEOS_DEPLOYMENT_TARGET = 13.4;
				MTL_ENABLE_DEBUG_INFO = NO;
				MTL_FAST_MATH = YES;
				SDKROOT = iphoneos;
				SWIFT_COMPILATION_MODE = wholemodule;
				SWIFT_OPTIMIZATION_LEVEL = "-O";
				VALIDATE_PRODUCT = YES;
			};
			name = Release;
		};
		31BAF91B24879920008446A6 /* Debug */ = {
			isa = XCBuildConfiguration;
			baseConfigurationReference = 4EC12870A936EE7F1B1839CA /* Pods-Example.debug.xcconfig */;
			buildSettings = {
				ASSETCATALOG_COMPILER_APPICON_NAME = AppIcon;
				CODE_SIGN_STYLE = Automatic;
				INFOPLIST_FILE = Example/Info.plist;
				LD_RUNPATH_SEARCH_PATHS = (
					"$(inherited)",
					"@executable_path/Frameworks",
				);
				PRODUCT_BUNDLE_IDENTIFIER = encalve.vn.example.Example;
				PRODUCT_NAME = "$(TARGET_NAME)";
				SWIFT_VERSION = 5.0;
				TARGETED_DEVICE_FAMILY = "1,2";
			};
			name = Debug;
		};
		31BAF91C24879920008446A6 /* Release */ = {
			isa = XCBuildConfiguration;
			baseConfigurationReference = 6BA06844B7A25F752CD9B55A /* Pods-Example.release.xcconfig */;
			buildSettings = {
				ASSETCATALOG_COMPILER_APPICON_NAME = AppIcon;
				CODE_SIGN_STYLE = Automatic;
				INFOPLIST_FILE = Example/Info.plist;
				LD_RUNPATH_SEARCH_PATHS = (
					"$(inherited)",
					"@executable_path/Frameworks",
				);
				PRODUCT_BUNDLE_IDENTIFIER = encalve.vn.example.Example;
				PRODUCT_NAME = "$(TARGET_NAME)";
				SWIFT_VERSION = 5.0;
				TARGETED_DEVICE_FAMILY = "1,2";
			};
			name = Release;
		};
		31BAF91E24879920008446A6 /* Debug */ = {
			isa = XCBuildConfiguration;
			baseConfigurationReference = AEAF82595780ED9DF757C205 /* Pods-ExampleTests.debug.xcconfig */;
			buildSettings = {
				ALWAYS_EMBED_SWIFT_STANDARD_LIBRARIES = YES;
				BUNDLE_LOADER = "$(TEST_HOST)";
				CODE_SIGN_STYLE = Automatic;
				INFOPLIST_FILE = ExampleTests/Info.plist;
				IPHONEOS_DEPLOYMENT_TARGET = 13.4;
				LD_RUNPATH_SEARCH_PATHS = (
					"$(inherited)",
					"@executable_path/Frameworks",
					"@loader_path/Frameworks",
				);
				PRODUCT_BUNDLE_IDENTIFIER = encalve.vn.example.ExampleTests;
				PRODUCT_NAME = "$(TARGET_NAME)";
				SWIFT_VERSION = 5.0;
				TARGETED_DEVICE_FAMILY = "1,2";
				TEST_HOST = "$(BUILT_PRODUCTS_DIR)/Example.app/Example";
			};
			name = Debug;
		};
		31BAF91F24879920008446A6 /* Release */ = {
			isa = XCBuildConfiguration;
			baseConfigurationReference = AADC20AEEDDE3CE2C3455388 /* Pods-ExampleTests.release.xcconfig */;
			buildSettings = {
				ALWAYS_EMBED_SWIFT_STANDARD_LIBRARIES = YES;
				BUNDLE_LOADER = "$(TEST_HOST)";
				CODE_SIGN_STYLE = Automatic;
				INFOPLIST_FILE = ExampleTests/Info.plist;
				IPHONEOS_DEPLOYMENT_TARGET = 13.4;
				LD_RUNPATH_SEARCH_PATHS = (
					"$(inherited)",
					"@executable_path/Frameworks",
					"@loader_path/Frameworks",
				);
				PRODUCT_BUNDLE_IDENTIFIER = encalve.vn.example.ExampleTests;
				PRODUCT_NAME = "$(TARGET_NAME)";
				SWIFT_VERSION = 5.0;
				TARGETED_DEVICE_FAMILY = "1,2";
				TEST_HOST = "$(BUILT_PRODUCTS_DIR)/Example.app/Example";
			};
			name = Release;
		};
		31BAF92124879920008446A6 /* Debug */ = {
			isa = XCBuildConfiguration;
			baseConfigurationReference = 43F6F4FA0B71BEB073D2DC59 /* Pods-Example-ExampleUITests.debug.xcconfig */;
			buildSettings = {
				ALWAYS_EMBED_SWIFT_STANDARD_LIBRARIES = YES;
				CODE_SIGN_STYLE = Automatic;
				INFOPLIST_FILE = ExampleUITests/Info.plist;
				LD_RUNPATH_SEARCH_PATHS = (
					"$(inherited)",
					"@executable_path/Frameworks",
					"@loader_path/Frameworks",
				);
				PRODUCT_BUNDLE_IDENTIFIER = encalve.vn.example.ExampleUITests;
				PRODUCT_NAME = "$(TARGET_NAME)";
				SWIFT_VERSION = 5.0;
				TARGETED_DEVICE_FAMILY = "1,2";
				TEST_TARGET_NAME = Example;
			};
			name = Debug;
		};
		31BAF92224879920008446A6 /* Release */ = {
			isa = XCBuildConfiguration;
			baseConfigurationReference = 0D39677978D31ECBBEB0F26C /* Pods-Example-ExampleUITests.release.xcconfig */;
			buildSettings = {
				ALWAYS_EMBED_SWIFT_STANDARD_LIBRARIES = YES;
				CODE_SIGN_STYLE = Automatic;
				INFOPLIST_FILE = ExampleUITests/Info.plist;
				LD_RUNPATH_SEARCH_PATHS = (
					"$(inherited)",
					"@executable_path/Frameworks",
					"@loader_path/Frameworks",
				);
				PRODUCT_BUNDLE_IDENTIFIER = encalve.vn.example.ExampleUITests;
				PRODUCT_NAME = "$(TARGET_NAME)";
				SWIFT_VERSION = 5.0;
				TARGETED_DEVICE_FAMILY = "1,2";
				TEST_TARGET_NAME = Example;
			};
			name = Release;
		};
/* End XCBuildConfiguration section */

/* Begin XCConfigurationList section */
		31BAF8EB2487991D008446A6 /* Build configuration list for PBXProject "Example" */ = {
			isa = XCConfigurationList;
			buildConfigurations = (
				31BAF91824879920008446A6 /* Debug */,
				31BAF91924879920008446A6 /* Release */,
			);
			defaultConfigurationIsVisible = 0;
			defaultConfigurationName = Release;
		};
		31BAF91A24879920008446A6 /* Build configuration list for PBXNativeTarget "Example" */ = {
			isa = XCConfigurationList;
			buildConfigurations = (
				31BAF91B24879920008446A6 /* Debug */,
				31BAF91C24879920008446A6 /* Release */,
			);
			defaultConfigurationIsVisible = 0;
			defaultConfigurationName = Release;
		};
		31BAF91D24879920008446A6 /* Build configuration list for PBXNativeTarget "ExampleTests" */ = {
			isa = XCConfigurationList;
			buildConfigurations = (
				31BAF91E24879920008446A6 /* Debug */,
				31BAF91F24879920008446A6 /* Release */,
			);
			defaultConfigurationIsVisible = 0;
			defaultConfigurationName = Release;
		};
		31BAF92024879920008446A6 /* Build configuration list for PBXNativeTarget "ExampleUITests" */ = {
			isa = XCConfigurationList;
			buildConfigurations = (
				31BAF92124879920008446A6 /* Debug */,
				31BAF92224879920008446A6 /* Release */,
			);
			defaultConfigurationIsVisible = 0;
			defaultConfigurationName = Release;
		};
/* End XCConfigurationList section */
	};
	rootObject = 31BAF8E82487991D008446A6 /* Project object */;
}
